
Microsoft Visual Studio Solution File, Format Version 12.00
# Visual Studio 15
VisualStudioVersion = 15.0.28307.539
MinimumVisualStudioVersion = 10.0.40219.1
Project("{151D2E53-A2C4-4D7D-83FE-D05416EBD58E}") = "Kubernetes AKS", "2.0\Kubernetes.aks_2.0.deployproj", "{D31D50C1-187D-4E1A-AA32-869B2CB1A70F}"
EndProject
Global
	GlobalSection(SolutionConfigurationPlatforms) = preSolution
		Debug|Any CPU = Debug|Any CPU
		Release|Any CPU = Release|Any CPU
	EndGlobalSection
	GlobalSection(ProjectConfigurationPlatforms) = postSolution
		{D31D50C1-187D-4E1A-AA32-869B2CB1A70F}.Debug|Any CPU.ActiveCfg = Debug|Any CPU
		{D31D50C1-187D-4E1A-AA32-869B2CB1A70F}.Debug|Any CPU.Build.0 = Debug|Any CPU
		{D31D50C1-187D-4E1A-AA32-869B2CB1A70F}.Release|Any CPU.ActiveCfg = Release|Any CPU
		{D31D50C1-187D-4E1A-AA32-869B2CB1A70F}.Release|Any CPU.Build.0 = Release|Any CPU
	EndGlobalSection
	GlobalSection(SolutionProperties) = preSolution
		HideSolutionNode = FALSE
	EndGlobalSection
	GlobalSection(ExtensibilityGlobals) = postSolution
		SolutionGuid = {5CC08404-76BA-4EEC-9EA0-1534D4BDCA06}
	EndGlobalSection
EndGlobal
