
Microsoft Visual Studio Solution File, Format Version 12.00
# Visual Studio 15
VisualStudioVersion = 15.0.28307.572
MinimumVisualStudioVersion = 10.0.40219.1
Project("{151D2E53-A2C4-4D7D-83FE-D05416EBD58E}") = "Event Hub", "2.0\Event_Hub_2.0.deployproj", "{B6CE9707-B060-4439-81C9-D03A566F411C}"
EndProject
Global
	GlobalSection(SolutionConfigurationPlatforms) = preSolution
		Debug|Any CPU = Debug|Any CPU
		Release|Any CPU = Release|Any CPU
	EndGlobalSection
	GlobalSection(ProjectConfigurationPlatforms) = postSolution
		{B6CE9707-B060-4439-81C9-D03A566F411C}.Debug|Any CPU.ActiveCfg = Debug|Any CPU
		{B6CE9707-B060-4439-81C9-D03A566F411C}.Debug|Any CPU.Build.0 = Debug|Any CPU
		{B6CE9707-B060-4439-81C9-D03A566F411C}.Release|Any CPU.ActiveCfg = Release|Any CPU
		{B6CE9707-B060-4439-81C9-D03A566F411C}.Release|Any CPU.Build.0 = Release|Any CPU
	EndGlobalSection
	GlobalSection(SolutionProperties) = preSolution
		HideSolutionNode = FALSE
	EndGlobalSection
	GlobalSection(ExtensibilityGlobals) = postSolution
		SolutionGuid = {5211A1B8-9E0B-433D-AA2F-2E956B3C2B70}
	EndGlobalSection
EndGlobal
