
Microsoft Visual Studio Solution File, Format Version 12.00
# Visual Studio 15
VisualStudioVersion = 15.0.28307.572
MinimumVisualStudioVersion = 10.0.40219.1
Project("{151D2E53-A2C4-4D7D-83FE-D05416EBD58E}") = "Machine Learning", "2.0\Machine_Learning_2.0.deployproj", "{5B988BDB-654C-44EC-A663-7D5D751DCA89}"
EndProject
Global
	GlobalSection(SolutionConfigurationPlatforms) = preSolution
		Debug|Any CPU = Debug|Any CPU
		Release|Any CPU = Release|Any CPU
	EndGlobalSection
	GlobalSection(ProjectConfigurationPlatforms) = postSolution
		{5B988BDB-654C-44EC-A663-7D5D751DCA89}.Debug|Any CPU.ActiveCfg = Debug|Any CPU
		{5B988BDB-654C-44EC-A663-7D5D751DCA89}.Debug|Any CPU.Build.0 = Debug|Any CPU
		{5B988BDB-654C-44EC-A663-7D5D751DCA89}.Release|Any CPU.ActiveCfg = Release|Any CPU
		{5B988BDB-654C-44EC-A663-7D5D751DCA89}.Release|Any CPU.Build.0 = Release|Any CPU
	EndGlobalSection
	GlobalSection(SolutionProperties) = preSolution
		HideSolutionNode = FALSE
	EndGlobalSection
	GlobalSection(ExtensibilityGlobals) = postSolution
		SolutionGuid = {A2DEF34B-863E-444E-9AF5-90C135B7D7A5}
	EndGlobalSection
EndGlobal
