
Microsoft Visual Studio Solution File, Format Version 12.00
# Visual Studio 15
VisualStudioVersion = 15.0.28307.539
MinimumVisualStudioVersion = 10.0.40219.1
Project("{151D2E53-A2C4-4D7D-83FE-D05416EBD58E}") = "Notifcation Hub", "2.0\Notifcation_Hub_2.0.deployproj", "{F14DD0D7-37B9-4311-8EAD-6685BAEE4513}"
EndProject
Global
	GlobalSection(SolutionConfigurationPlatforms) = preSolution
		Debug|Any CPU = Debug|Any CPU
		Release|Any CPU = Release|Any CPU
	EndGlobalSection
	GlobalSection(ProjectConfigurationPlatforms) = postSolution
		{F14DD0D7-37B9-4311-8EAD-6685BAEE4513}.Debug|Any CPU.ActiveCfg = Debug|Any CPU
		{F14DD0D7-37B9-4311-8EAD-6685BAEE4513}.Debug|Any CPU.Build.0 = Debug|Any CPU
		{F14DD0D7-37B9-4311-8EAD-6685BAEE4513}.Release|Any CPU.ActiveCfg = Release|Any CPU
		{F14DD0D7-37B9-4311-8EAD-6685BAEE4513}.Release|Any CPU.Build.0 = Release|Any CPU
	EndGlobalSection
	GlobalSection(SolutionProperties) = preSolution
		HideSolutionNode = FALSE
	EndGlobalSection
	GlobalSection(ExtensibilityGlobals) = postSolution
		SolutionGuid = {361EFDD7-A071-451A-A181-006FC53AFE2D}
	EndGlobalSection
EndGlobal
