
Microsoft Visual Studio Solution File, Format Version 12.00
# Visual Studio 15
VisualStudioVersion = 15.0.28307.136
MinimumVisualStudioVersion = 10.0.40219.1
Project("{151D2E53-A2C4-4D7D-83FE-D05416EBD58E}") = "Function Apps", "2.0\Function_Apps_2.0.deployproj", "{E7ED9FAA-2896-4D39-9A9E-2E4D3249C0F7}"
EndProject
Global
	GlobalSection(SolutionConfigurationPlatforms) = preSolution
		Debug|Any CPU = Debug|Any CPU
		Release|Any CPU = Release|Any CPU
	EndGlobalSection
	GlobalSection(ProjectConfigurationPlatforms) = postSolution
		{E7ED9FAA-2896-4D39-9A9E-2E4D3249C0F7}.Debug|Any CPU.ActiveCfg = Debug|Any CPU
		{E7ED9FAA-2896-4D39-9A9E-2E4D3249C0F7}.Debug|Any CPU.Build.0 = Debug|Any CPU
		{E7ED9FAA-2896-4D39-9A9E-2E4D3249C0F7}.Release|Any CPU.ActiveCfg = Release|Any CPU
		{E7ED9FAA-2896-4D39-9A9E-2E4D3249C0F7}.Release|Any CPU.Build.0 = Release|Any CPU
	EndGlobalSection
	GlobalSection(SolutionProperties) = preSolution
		HideSolutionNode = FALSE
	EndGlobalSection
	GlobalSection(ExtensibilityGlobals) = postSolution
		SolutionGuid = {17D77023-3CE8-4FA9-AA82-E36CD2A9E8CF}
	EndGlobalSection
EndGlobal
