
Microsoft Visual Studio Solution File, Format Version 12.00
# Visual Studio 15
VisualStudioVersion = 15.0.28010.2041
MinimumVisualStudioVersion = 10.0.40219.1
Project("{151D2E53-A2C4-4D7D-83FE-D05416EBD58E}") = "Azure Databricks", "2.0\Azure_Databricks_2.0.deployproj", "{1652C859-932D-477D-9D8B-633D24035C75}"
EndProject
Global
	GlobalSection(SolutionConfigurationPlatforms) = preSolution
		Debug|Any CPU = Debug|Any CPU
		Release|Any CPU = Release|Any CPU
	EndGlobalSection
	GlobalSection(ProjectConfigurationPlatforms) = postSolution
		{1652C859-932D-477D-9D8B-633D24035C75}.Debug|Any CPU.ActiveCfg = Debug|Any CPU
		{1652C859-932D-477D-9D8B-633D24035C75}.Debug|Any CPU.Build.0 = Debug|Any CPU
		{1652C859-932D-477D-9D8B-633D24035C75}.Release|Any CPU.ActiveCfg = Release|Any CPU
		{1652C859-932D-477D-9D8B-633D24035C75}.Release|Any CPU.Build.0 = Release|Any CPU
	EndGlobalSection
	GlobalSection(SolutionProperties) = preSolution
		HideSolutionNode = FALSE
	EndGlobalSection
	GlobalSection(ExtensibilityGlobals) = postSolution
		SolutionGuid = {E390EA98-6D1C-48E5-81A4-64BB5BFA35C8}
	EndGlobalSection
EndGlobal
