
Microsoft Visual Studio Solution File, Format Version 12.00
# Visual Studio 15
VisualStudioVersion = 15.0.28307.572
MinimumVisualStudioVersion = 10.0.40219.1
Project("{151D2E53-A2C4-4D7D-83FE-D05416EBD58E}") = "Application Gateway", "2.0\Application_Gateway_2.0.deployproj", "{79F77AA5-F310-4C2C-AB92-C682B46BF871}"
EndProject
Global
	GlobalSection(SolutionConfigurationPlatforms) = preSolution
		Debug|Any CPU = Debug|Any CPU
		Release|Any CPU = Release|Any CPU
	EndGlobalSection
	GlobalSection(ProjectConfigurationPlatforms) = postSolution
		{79F77AA5-F310-4C2C-AB92-C682B46BF871}.Debug|Any CPU.ActiveCfg = Debug|Any CPU
		{79F77AA5-F310-4C2C-AB92-C682B46BF871}.Debug|Any CPU.Build.0 = Debug|Any CPU
		{79F77AA5-F310-4C2C-AB92-C682B46BF871}.Release|Any CPU.ActiveCfg = Release|Any CPU
		{79F77AA5-F310-4C2C-AB92-C682B46BF871}.Release|Any CPU.Build.0 = Release|Any CPU
	EndGlobalSection
	GlobalSection(SolutionProperties) = preSolution
		HideSolutionNode = FALSE
	EndGlobalSection
	GlobalSection(ExtensibilityGlobals) = postSolution
		SolutionGuid = {1FE0862C-5B0B-4240-9BEB-79B92E978E91}
	EndGlobalSection
EndGlobal
