
Microsoft Visual Studio Solution File, Format Version 12.00
# Visual Studio 15
VisualStudioVersion = 15.0.28307.539
MinimumVisualStudioVersion = 10.0.40219.1
Project("{151D2E53-A2C4-4D7D-83FE-D05416EBD58E}") = "MySQL", "2.0\MySQL_2.0.deployproj", "{62FCAC6A-CF97-4CDC-81E9-5DFBA4215DD3}"
EndProject
Global
	GlobalSection(SolutionConfigurationPlatforms) = preSolution
		Debug|Any CPU = Debug|Any CPU
		Release|Any CPU = Release|Any CPU
	EndGlobalSection
	GlobalSection(ProjectConfigurationPlatforms) = postSolution
		{62FCAC6A-CF97-4CDC-81E9-5DFBA4215DD3}.Debug|Any CPU.ActiveCfg = Debug|Any CPU
		{62FCAC6A-CF97-4CDC-81E9-5DFBA4215DD3}.Debug|Any CPU.Build.0 = Debug|Any CPU
		{62FCAC6A-CF97-4CDC-81E9-5DFBA4215DD3}.Release|Any CPU.ActiveCfg = Release|Any CPU
		{62FCAC6A-CF97-4CDC-81E9-5DFBA4215DD3}.Release|Any CPU.Build.0 = Release|Any CPU
	EndGlobalSection
	GlobalSection(SolutionProperties) = preSolution
		HideSolutionNode = FALSE
	EndGlobalSection
	GlobalSection(ExtensibilityGlobals) = postSolution
		SolutionGuid = {FC35942B-081D-46D4-9A58-FA9679BB338F}
	EndGlobalSection
EndGlobal
