
Microsoft Visual Studio Solution File, Format Version 12.00
# Visual Studio 15
VisualStudioVersion = 15.0.28010.2026
MinimumVisualStudioVersion = 10.0.40219.1
Project("{151D2E53-A2C4-4D7D-83FE-D05416EBD58E}") = "Service Bus", "2.0\Service_Bus_2.0.deployproj", "{EE9C4B81-724E-4590-BABA-857EF53C03A2}"
EndProject
Global
	GlobalSection(SolutionConfigurationPlatforms) = preSolution
		Debug|Any CPU = Debug|Any CPU
		Release|Any CPU = Release|Any CPU
	EndGlobalSection
	GlobalSection(ProjectConfigurationPlatforms) = postSolution
		{EE9C4B81-724E-4590-BABA-857EF53C03A2}.Debug|Any CPU.ActiveCfg = Debug|Any CPU
		{EE9C4B81-724E-4590-BABA-857EF53C03A2}.Debug|Any CPU.Build.0 = Debug|Any CPU
		{EE9C4B81-724E-4590-BABA-857EF53C03A2}.Release|Any CPU.ActiveCfg = Release|Any CPU
		{EE9C4B81-724E-4590-BABA-857EF53C03A2}.Release|Any CPU.Build.0 = Release|Any CPU
	EndGlobalSection
	GlobalSection(SolutionProperties) = preSolution
		HideSolutionNode = FALSE
	EndGlobalSection
	GlobalSection(ExtensibilityGlobals) = postSolution
		SolutionGuid = {9E3B8607-8CC9-4779-A2AC-380445EF0CD9}
	EndGlobalSection
EndGlobal
