
Microsoft Visual Studio Solution File, Format Version 12.00
# Visual Studio 15
VisualStudioVersion = 15.0.28010.2041
MinimumVisualStudioVersion = 10.0.40219.1
Project("{151D2E53-A2C4-4D7D-83FE-D05416EBD58E}") = "Data Factories", "2.0\Data_Factories_2.0.deployproj", "{5016334D-2D54-4DC1-A1E0-9F2E0DA4CB44}"
EndProject
Global
	GlobalSection(SolutionConfigurationPlatforms) = preSolution
		Debug|Any CPU = Debug|Any CPU
		Release|Any CPU = Release|Any CPU
	EndGlobalSection
	GlobalSection(ProjectConfigurationPlatforms) = postSolution
		{5016334D-2D54-4DC1-A1E0-9F2E0DA4CB44}.Debug|Any CPU.ActiveCfg = Debug|Any CPU
		{5016334D-2D54-4DC1-A1E0-9F2E0DA4CB44}.Debug|Any CPU.Build.0 = Debug|Any CPU
		{5016334D-2D54-4DC1-A1E0-9F2E0DA4CB44}.Release|Any CPU.ActiveCfg = Release|Any CPU
		{5016334D-2D54-4DC1-A1E0-9F2E0DA4CB44}.Release|Any CPU.Build.0 = Release|Any CPU
	EndGlobalSection
	GlobalSection(SolutionProperties) = preSolution
		HideSolutionNode = FALSE
	EndGlobalSection
	GlobalSection(ExtensibilityGlobals) = postSolution
		SolutionGuid = {54B89131-5EF8-4959-B696-340EBF311AA2}
	EndGlobalSection
EndGlobal
