
Microsoft Visual Studio Solution File, Format Version 12.00
# Visual Studio 15
VisualStudioVersion = 15.0.28010.2026
MinimumVisualStudioVersion = 10.0.40219.1
Project("{151D2E53-A2C4-4D7D-83FE-D05416EBD58E}") = "Redis Cache", "2.0\Redis_Cache_2.0.deployproj", "{38272D65-38A1-448A-88F6-6D576CAD9BCC}"
EndProject
Global
	GlobalSection(SolutionConfigurationPlatforms) = preSolution
		Debug|Any CPU = Debug|Any CPU
		Release|Any CPU = Release|Any CPU
	EndGlobalSection
	GlobalSection(ProjectConfigurationPlatforms) = postSolution
		{38272D65-38A1-448A-88F6-6D576CAD9BCC}.Debug|Any CPU.ActiveCfg = Debug|Any CPU
		{38272D65-38A1-448A-88F6-6D576CAD9BCC}.Debug|Any CPU.Build.0 = Debug|Any CPU
		{38272D65-38A1-448A-88F6-6D576CAD9BCC}.Release|Any CPU.ActiveCfg = Release|Any CPU
		{38272D65-38A1-448A-88F6-6D576CAD9BCC}.Release|Any CPU.Build.0 = Release|Any CPU
	EndGlobalSection
	GlobalSection(SolutionProperties) = preSolution
		HideSolutionNode = FALSE
	EndGlobalSection
	GlobalSection(ExtensibilityGlobals) = postSolution
		SolutionGuid = {C9EE4937-547D-4642-9FD1-60DC0F52558F}
	EndGlobalSection
EndGlobal
