
Microsoft Visual Studio Solution File, Format Version 12.00
# Visual Studio 15
VisualStudioVersion = 15.0.28010.2026
MinimumVisualStudioVersion = 10.0.40219.1
Project("{151D2E53-A2C4-4D7D-83FE-D05416EBD58E}") = "Search Services", "2.0\Search_Services_2.0.deployproj", "{63E60328-93FA-4B4E-8B81-72107DE7AAC7}"
EndProject
Global
	GlobalSection(SolutionConfigurationPlatforms) = preSolution
		Debug|Any CPU = Debug|Any CPU
		Release|Any CPU = Release|Any CPU
	EndGlobalSection
	GlobalSection(ProjectConfigurationPlatforms) = postSolution
		{63E60328-93FA-4B4E-8B81-72107DE7AAC7}.Debug|Any CPU.ActiveCfg = Debug|Any CPU
		{63E60328-93FA-4B4E-8B81-72107DE7AAC7}.Debug|Any CPU.Build.0 = Debug|Any CPU
		{63E60328-93FA-4B4E-8B81-72107DE7AAC7}.Release|Any CPU.ActiveCfg = Release|Any CPU
		{63E60328-93FA-4B4E-8B81-72107DE7AAC7}.Release|Any CPU.Build.0 = Release|Any CPU
	EndGlobalSection
	GlobalSection(SolutionProperties) = preSolution
		HideSolutionNode = FALSE
	EndGlobalSection
	GlobalSection(ExtensibilityGlobals) = postSolution
		SolutionGuid = {3EC8AE43-6A82-42B1-A359-5418248DE088}
	EndGlobalSection
EndGlobal
