
Microsoft Visual Studio Solution File, Format Version 12.00
# Visual Studio 15
VisualStudioVersion = 15.0.28010.2003
MinimumVisualStudioVersion = 10.0.40219.1
Project("{151D2E53-A2C4-4D7D-83FE-D05416EBD58E}") = "Recovery Services Vaults", "2.0\Recovery_Services_Vaults_2.0.deployproj", "{3B48112A-CD3A-461E-832E-106314C9643E}"
EndProject
Global
	GlobalSection(SolutionConfigurationPlatforms) = preSolution
		Debug|Any CPU = Debug|Any CPU
		Release|Any CPU = Release|Any CPU
	EndGlobalSection
	GlobalSection(ProjectConfigurationPlatforms) = postSolution
		{3B48112A-CD3A-461E-832E-106314C9643E}.Debug|Any CPU.ActiveCfg = Debug|Any CPU
		{3B48112A-CD3A-461E-832E-106314C9643E}.Debug|Any CPU.Build.0 = Debug|Any CPU
		{3B48112A-CD3A-461E-832E-106314C9643E}.Release|Any CPU.ActiveCfg = Release|Any CPU
		{3B48112A-CD3A-461E-832E-106314C9643E}.Release|Any CPU.Build.0 = Release|Any CPU
	EndGlobalSection
	GlobalSection(SolutionProperties) = preSolution
		HideSolutionNode = FALSE
	EndGlobalSection
	GlobalSection(ExtensibilityGlobals) = postSolution
		SolutionGuid = {78566BA2-DF41-486B-8F0E-206502FF238A}
	EndGlobalSection
EndGlobal
