
Microsoft Visual Studio Solution File, Format Version 12.00
# Visual Studio 15
VisualStudioVersion = 15.0.28010.2003
MinimumVisualStudioVersion = 10.0.40219.1
Project("{151D2E53-A2C4-4D7D-83FE-D05416EBD58E}") = "CosmosDB", "2.0\CosmosDB_2.0.deployproj", "{3E2ABE16-8A65-495B-A505-9EAB11DADF58}"
EndProject
Global
	GlobalSection(SolutionConfigurationPlatforms) = preSolution
		Debug|Any CPU = Debug|Any CPU
		Release|Any CPU = Release|Any CPU
	EndGlobalSection
	GlobalSection(ProjectConfigurationPlatforms) = postSolution
		{3E2ABE16-8A65-495B-A505-9EAB11DADF58}.Debug|Any CPU.ActiveCfg = Debug|Any CPU
		{3E2ABE16-8A65-495B-A505-9EAB11DADF58}.Debug|Any CPU.Build.0 = Debug|Any CPU
		{3E2ABE16-8A65-495B-A505-9EAB11DADF58}.Release|Any CPU.ActiveCfg = Release|Any CPU
		{3E2ABE16-8A65-495B-A505-9EAB11DADF58}.Release|Any CPU.Build.0 = Release|Any CPU
	EndGlobalSection
	GlobalSection(SolutionProperties) = preSolution
		HideSolutionNode = FALSE
	EndGlobalSection
	GlobalSection(ExtensibilityGlobals) = postSolution
		SolutionGuid = {81E2B932-A244-4D41-AFCD-04B425A1C7E5}
	EndGlobalSection
EndGlobal
