
Microsoft Visual Studio Solution File, Format Version 12.00
# Visual Studio 15
VisualStudioVersion = 15.0.28307.572
MinimumVisualStudioVersion = 10.0.40219.1
Project("{151D2E53-A2C4-4D7D-83FE-D05416EBD58E}") = "vNet Peering", "2.0\vNet_Peering_2.0.deployproj", "{0B306DD4-9244-48C6-B03F-03A8E77266C5}"
EndProject
Global
	GlobalSection(SolutionConfigurationPlatforms) = preSolution
		Debug|Any CPU = Debug|Any CPU
		Release|Any CPU = Release|Any CPU
	EndGlobalSection
	GlobalSection(ProjectConfigurationPlatforms) = postSolution
		{0B306DD4-9244-48C6-B03F-03A8E77266C5}.Debug|Any CPU.ActiveCfg = Debug|Any CPU
		{0B306DD4-9244-48C6-B03F-03A8E77266C5}.Debug|Any CPU.Build.0 = Debug|Any CPU
		{0B306DD4-9244-48C6-B03F-03A8E77266C5}.Release|Any CPU.ActiveCfg = Release|Any CPU
		{0B306DD4-9244-48C6-B03F-03A8E77266C5}.Release|Any CPU.Build.0 = Release|Any CPU
	EndGlobalSection
	GlobalSection(SolutionProperties) = preSolution
		HideSolutionNode = FALSE
	EndGlobalSection
	GlobalSection(ExtensibilityGlobals) = postSolution
		SolutionGuid = {98DF0BB7-403D-48D9-9871-9CB5378A8CBE}
	EndGlobalSection
EndGlobal
