
Microsoft Visual Studio Solution File, Format Version 12.00
# Visual Studio 15
VisualStudioVersion = 15.0.28307.539
MinimumVisualStudioVersion = 10.0.40219.1
Project("{151D2E53-A2C4-4D7D-83FE-D05416EBD58E}") = "Event Grid", "2.0\Event_Grid_2.0.deployproj", "{A8D55F85-4005-4BD8-B76E-0F16668830D8}"
EndProject
Global
	GlobalSection(SolutionConfigurationPlatforms) = preSolution
		Debug|Any CPU = Debug|Any CPU
		Release|Any CPU = Release|Any CPU
	EndGlobalSection
	GlobalSection(ProjectConfigurationPlatforms) = postSolution
		{A8D55F85-4005-4BD8-B76E-0F16668830D8}.Debug|Any CPU.ActiveCfg = Debug|Any CPU
		{A8D55F85-4005-4BD8-B76E-0F16668830D8}.Debug|Any CPU.Build.0 = Debug|Any CPU
		{A8D55F85-4005-4BD8-B76E-0F16668830D8}.Release|Any CPU.ActiveCfg = Release|Any CPU
		{A8D55F85-4005-4BD8-B76E-0F16668830D8}.Release|Any CPU.Build.0 = Release|Any CPU
	EndGlobalSection
	GlobalSection(SolutionProperties) = preSolution
		HideSolutionNode = FALSE
	EndGlobalSection
	GlobalSection(ExtensibilityGlobals) = postSolution
		SolutionGuid = {2F423C22-669D-417F-8116-02D088B5FD70}
	EndGlobalSection
EndGlobal
