
Microsoft Visual Studio Solution File, Format Version 12.00
# Visual Studio 15
VisualStudioVersion = 15.0.28307.136
MinimumVisualStudioVersion = 10.0.40219.1
Project("{151D2E53-A2C4-4D7D-83FE-D05416EBD58E}") = "DNS", "2.0\DNS_2.0.deployproj", "{DE1963CC-5E3F-4AD3-BC93-80BD9A47EC79}"
EndProject
Global
	GlobalSection(SolutionConfigurationPlatforms) = preSolution
		Debug|Any CPU = Debug|Any CPU
		Release|Any CPU = Release|Any CPU
	EndGlobalSection
	GlobalSection(ProjectConfigurationPlatforms) = postSolution
		{DE1963CC-5E3F-4AD3-BC93-80BD9A47EC79}.Debug|Any CPU.ActiveCfg = Debug|Any CPU
		{DE1963CC-5E3F-4AD3-BC93-80BD9A47EC79}.Debug|Any CPU.Build.0 = Debug|Any CPU
		{DE1963CC-5E3F-4AD3-BC93-80BD9A47EC79}.Release|Any CPU.ActiveCfg = Release|Any CPU
		{DE1963CC-5E3F-4AD3-BC93-80BD9A47EC79}.Release|Any CPU.Build.0 = Release|Any CPU
	EndGlobalSection
	GlobalSection(SolutionProperties) = preSolution
		HideSolutionNode = FALSE
	EndGlobalSection
	GlobalSection(ExtensibilityGlobals) = postSolution
		SolutionGuid = {05F49D58-9F72-45EE-ACE5-2FC931FD5025}
	EndGlobalSection
EndGlobal
