
Microsoft Visual Studio Solution File, Format Version 12.00
# Visual Studio 15
VisualStudioVersion = 15.0.28010.2026
MinimumVisualStudioVersion = 10.0.40219.1
Project("{151D2E53-A2C4-4D7D-83FE-D05416EBD58E}") = "Application Insights", "2.0\Application_Insights_2.0.deployproj", "{D25EB6D5-D076-4EC7-B883-353815432FC3}"
EndProject
Global
	GlobalSection(SolutionConfigurationPlatforms) = preSolution
		Debug|Any CPU = Debug|Any CPU
		Release|Any CPU = Release|Any CPU
	EndGlobalSection
	GlobalSection(ProjectConfigurationPlatforms) = postSolution
		{D25EB6D5-D076-4EC7-B883-353815432FC3}.Debug|Any CPU.ActiveCfg = Debug|Any CPU
		{D25EB6D5-D076-4EC7-B883-353815432FC3}.Debug|Any CPU.Build.0 = Debug|Any CPU
		{D25EB6D5-D076-4EC7-B883-353815432FC3}.Release|Any CPU.ActiveCfg = Release|Any CPU
		{D25EB6D5-D076-4EC7-B883-353815432FC3}.Release|Any CPU.Build.0 = Release|Any CPU
	EndGlobalSection
	GlobalSection(SolutionProperties) = preSolution
		HideSolutionNode = FALSE
	EndGlobalSection
	GlobalSection(ExtensibilityGlobals) = postSolution
		SolutionGuid = {E250CFD2-97C1-4230-BFD5-AE6305DA4E06}
	EndGlobalSection
EndGlobal
